
Microsoft Visual Studio Solution File, Format Version 12.00
# Visual Studio Version 17
VisualStudioVersion = 17.3.32804.467
MinimumVisualStudioVersion = 10.0.40219.1
Project("{FAE04EC0-301F-11D3-BF4B-00C04F79EFBC}") = "BHDStarBooking", "BHDStarBooking.csproj", "{B43A7D28-C047-4730-9844-42E3BC270BFB}"
EndProject
Global
	GlobalSection(SolutionConfigurationPlatforms) = preSolution
		Debug|Any CPU = Debug|Any CPU
		Release|Any CPU = Release|Any CPU
	EndGlobalSection
	GlobalSection(ProjectConfigurationPlatforms) = postSolution
		{B43A7D28-C047-4730-9844-42E3BC270BFB}.Debug|Any CPU.ActiveCfg = Debug|Any CPU
		{B43A7D28-C047-4730-9844-42E3BC270BFB}.Debug|Any CPU.Build.0 = Debug|Any CPU
		{B43A7D28-C047-4730-9844-42E3BC270BFB}.Release|Any CPU.ActiveCfg = Release|Any CPU
		{B43A7D28-C047-4730-9844-42E3BC270BFB}.Release|Any CPU.Build.0 = Release|Any CPU
	EndGlobalSection
	GlobalSection(SolutionProperties) = preSolution
		HideSolutionNode = FALSE
	EndGlobalSection
	GlobalSection(ExtensibilityGlobals) = postSolution
		SolutionGuid = {925EBC5D-7B5D-4499-85E9-E47DAF30DA1E}
	EndGlobalSection
EndGlobal
